
Microsoft Visual Studio Solution File, Format Version 12.00
# Visual Studio Version 17
VisualStudioVersion = 17.5.33424.131
MinimumVisualStudioVersion = 10.0.40219.1
Project("{FAE04EC0-301F-11D3-BF4B-00C04F79EFBC}") = "PhanTichKinhDoan", "PhanTichKinhDoan\PhanTichKinhDoan.csproj", "{E23413F1-638D-4BB3-A3FE-E39F3D445670}"
EndProject
Global
	GlobalSection(SolutionConfigurationPlatforms) = preSolution
		Debug|Any CPU = Debug|Any CPU
		Release|Any CPU = Release|Any CPU
	EndGlobalSection
	GlobalSection(ProjectConfigurationPlatforms) = postSolution
		{E23413F1-638D-4BB3-A3FE-E39F3D445670}.Debug|Any CPU.ActiveCfg = Debug|Any CPU
		{E23413F1-638D-4BB3-A3FE-E39F3D445670}.Debug|Any CPU.Build.0 = Debug|Any CPU
		{E23413F1-638D-4BB3-A3FE-E39F3D445670}.Release|Any CPU.ActiveCfg = Release|Any CPU
		{E23413F1-638D-4BB3-A3FE-E39F3D445670}.Release|Any CPU.Build.0 = Release|Any CPU
	EndGlobalSection
	GlobalSection(SolutionProperties) = preSolution
		HideSolutionNode = FALSE
	EndGlobalSection
	GlobalSection(ExtensibilityGlobals) = postSolution
		SolutionGuid = {E0277D39-3F0E-4ECA-9D89-7C803A0248C9}
	EndGlobalSection
EndGlobal
